
Microsoft Visual Studio Solution File, Format Version 12.00
# Visual Studio 2013
VisualStudioVersion = 12.0.31101.0
MinimumVisualStudioVersion = 10.0.40219.1
Project("{FAE04EC0-301F-11D3-BF4B-00C04F79EFBC}") = "idboard_v1", "idboard_v1\idboard_v1.csproj", "{B8A12661-02C5-4524-82A0-E55783744D0D}"
EndProject
Project("{FAE04EC0-301F-11D3-BF4B-00C04F79EFBC}") = "Model", "Model\Model.csproj", "{A1BBF19F-4F23-4A3F-BCE2-B3F93ECC5702}"
EndProject
Project("{2150E333-8FDC-42A3-9474-1A3956D46DE8}") = "Solution Items", "Solution Items", "{74C63CF4-4A43-4BA9-BF9C-58DA1303C398}"
	ProjectSection(SolutionItems) = preProject
		..\..\..\..\Downloads\simple-black_128x128.png = ..\..\..\..\Downloads\simple-black_128x128.png
		..\..\..\..\Downloads\simple-forward_128x128.png = ..\..\..\..\Downloads\simple-forward_128x128.png
	EndProjectSection
EndProject
Project("{FAE04EC0-301F-11D3-BF4B-00C04F79EFBC}") = "BackgroundTask", "BackgroundTask\BackgroundTask.csproj", "{9165C24B-3D24-4222-BFF3-40A6CBCF3D04}"
EndProject
Global
	GlobalSection(SolutionConfigurationPlatforms) = preSolution
		Debug|Any CPU = Debug|Any CPU
		Debug|ARM = Debug|ARM
		Debug|x86 = Debug|x86
		Release|Any CPU = Release|Any CPU
		Release|ARM = Release|ARM
		Release|x86 = Release|x86
	EndGlobalSection
	GlobalSection(ProjectConfigurationPlatforms) = postSolution
		{B8A12661-02C5-4524-82A0-E55783744D0D}.Debug|Any CPU.ActiveCfg = Debug|Any CPU
		{B8A12661-02C5-4524-82A0-E55783744D0D}.Debug|Any CPU.Build.0 = Debug|Any CPU
		{B8A12661-02C5-4524-82A0-E55783744D0D}.Debug|Any CPU.Deploy.0 = Debug|Any CPU
		{B8A12661-02C5-4524-82A0-E55783744D0D}.Debug|ARM.ActiveCfg = Debug|ARM
		{B8A12661-02C5-4524-82A0-E55783744D0D}.Debug|ARM.Build.0 = Debug|ARM
		{B8A12661-02C5-4524-82A0-E55783744D0D}.Debug|ARM.Deploy.0 = Debug|ARM
		{B8A12661-02C5-4524-82A0-E55783744D0D}.Debug|x86.ActiveCfg = Debug|x86
		{B8A12661-02C5-4524-82A0-E55783744D0D}.Debug|x86.Build.0 = Debug|x86
		{B8A12661-02C5-4524-82A0-E55783744D0D}.Debug|x86.Deploy.0 = Debug|x86
		{B8A12661-02C5-4524-82A0-E55783744D0D}.Release|Any CPU.ActiveCfg = Release|Any CPU
		{B8A12661-02C5-4524-82A0-E55783744D0D}.Release|Any CPU.Build.0 = Release|Any CPU
		{B8A12661-02C5-4524-82A0-E55783744D0D}.Release|Any CPU.Deploy.0 = Release|Any CPU
		{B8A12661-02C5-4524-82A0-E55783744D0D}.Release|ARM.ActiveCfg = Release|ARM
		{B8A12661-02C5-4524-82A0-E55783744D0D}.Release|ARM.Build.0 = Release|ARM
		{B8A12661-02C5-4524-82A0-E55783744D0D}.Release|ARM.Deploy.0 = Release|ARM
		{B8A12661-02C5-4524-82A0-E55783744D0D}.Release|x86.ActiveCfg = Release|x86
		{B8A12661-02C5-4524-82A0-E55783744D0D}.Release|x86.Build.0 = Release|x86
		{B8A12661-02C5-4524-82A0-E55783744D0D}.Release|x86.Deploy.0 = Release|x86
		{A1BBF19F-4F23-4A3F-BCE2-B3F93ECC5702}.Debug|Any CPU.ActiveCfg = Debug|Any CPU
		{A1BBF19F-4F23-4A3F-BCE2-B3F93ECC5702}.Debug|Any CPU.Build.0 = Debug|Any CPU
		{A1BBF19F-4F23-4A3F-BCE2-B3F93ECC5702}.Debug|ARM.ActiveCfg = Debug|ARM
		{A1BBF19F-4F23-4A3F-BCE2-B3F93ECC5702}.Debug|ARM.Build.0 = Debug|ARM
		{A1BBF19F-4F23-4A3F-BCE2-B3F93ECC5702}.Debug|x86.ActiveCfg = Debug|x86
		{A1BBF19F-4F23-4A3F-BCE2-B3F93ECC5702}.Debug|x86.Build.0 = Debug|x86
		{A1BBF19F-4F23-4A3F-BCE2-B3F93ECC5702}.Release|Any CPU.ActiveCfg = Release|Any CPU
		{A1BBF19F-4F23-4A3F-BCE2-B3F93ECC5702}.Release|Any CPU.Build.0 = Release|Any CPU
		{A1BBF19F-4F23-4A3F-BCE2-B3F93ECC5702}.Release|ARM.ActiveCfg = Release|ARM
		{A1BBF19F-4F23-4A3F-BCE2-B3F93ECC5702}.Release|ARM.Build.0 = Release|ARM
		{A1BBF19F-4F23-4A3F-BCE2-B3F93ECC5702}.Release|x86.ActiveCfg = Release|x86
		{A1BBF19F-4F23-4A3F-BCE2-B3F93ECC5702}.Release|x86.Build.0 = Release|x86
		{9165C24B-3D24-4222-BFF3-40A6CBCF3D04}.Debug|Any CPU.ActiveCfg = Debug|Any CPU
		{9165C24B-3D24-4222-BFF3-40A6CBCF3D04}.Debug|Any CPU.Build.0 = Debug|Any CPU
		{9165C24B-3D24-4222-BFF3-40A6CBCF3D04}.Debug|ARM.ActiveCfg = Debug|Any CPU
		{9165C24B-3D24-4222-BFF3-40A6CBCF3D04}.Debug|x86.ActiveCfg = Debug|Any CPU
		{9165C24B-3D24-4222-BFF3-40A6CBCF3D04}.Release|Any CPU.ActiveCfg = Release|Any CPU
		{9165C24B-3D24-4222-BFF3-40A6CBCF3D04}.Release|Any CPU.Build.0 = Release|Any CPU
		{9165C24B-3D24-4222-BFF3-40A6CBCF3D04}.Release|ARM.ActiveCfg = Release|Any CPU
		{9165C24B-3D24-4222-BFF3-40A6CBCF3D04}.Release|x86.ActiveCfg = Release|Any CPU
	EndGlobalSection
	GlobalSection(SolutionProperties) = preSolution
		HideSolutionNode = FALSE
	EndGlobalSection
EndGlobal
